
Microsoft Visual Studio Solution File, Format Version 12.00
# Visual Studio Version 17
VisualStudioVersion = 17.10.35013.160
MinimumVisualStudioVersion = 10.0.40219.1
Project("{FAE04EC0-301F-11D3-BF4B-00C04F79EFBC}") = "master_test_page", "master_test_page\master_test_page.csproj", "{BF9F9F1A-B700-4DD3-A933-31952B7ACE47}"
EndProject
Global
	GlobalSection(SolutionConfigurationPlatforms) = preSolution
		Debug|Any CPU = Debug|Any CPU
		Release|Any CPU = Release|Any CPU
	EndGlobalSection
	GlobalSection(ProjectConfigurationPlatforms) = postSolution
		{BF9F9F1A-B700-4DD3-A933-31952B7ACE47}.Debug|Any CPU.ActiveCfg = Debug|Any CPU
		{BF9F9F1A-B700-4DD3-A933-31952B7ACE47}.Debug|Any CPU.Build.0 = Debug|Any CPU
		{BF9F9F1A-B700-4DD3-A933-31952B7ACE47}.Release|Any CPU.ActiveCfg = Release|Any CPU
		{BF9F9F1A-B700-4DD3-A933-31952B7ACE47}.Release|Any CPU.Build.0 = Release|Any CPU
	EndGlobalSection
	GlobalSection(SolutionProperties) = preSolution
		HideSolutionNode = FALSE
	EndGlobalSection
	GlobalSection(ExtensibilityGlobals) = postSolution
		SolutionGuid = {E1A958E0-2F59-4F26-854F-D6F84607B3FD}
	EndGlobalSection
EndGlobal
